
Microsoft Visual Studio Solution File, Format Version 12.00
# Visual Studio Version 16
VisualStudioVersion = 16.0.31205.134
MinimumVisualStudioVersion = 10.0.40219.1
Project("{FAE04EC0-301F-11D3-BF4B-00C04F79EFBC}") = "SistemaInmobiliario", "SistemaInmobiliario\SistemaInmobiliario.csproj", "{4212BBF8-4843-4894-90C5-51C0881F0019}"
EndProject
Global
	GlobalSection(SolutionConfigurationPlatforms) = preSolution
		Debug|Any CPU = Debug|Any CPU
		Release|Any CPU = Release|Any CPU
	EndGlobalSection
	GlobalSection(ProjectConfigurationPlatforms) = postSolution
		{4212BBF8-4843-4894-90C5-51C0881F0019}.Debug|Any CPU.ActiveCfg = Debug|Any CPU
		{4212BBF8-4843-4894-90C5-51C0881F0019}.Debug|Any CPU.Build.0 = Debug|Any CPU
		{4212BBF8-4843-4894-90C5-51C0881F0019}.Release|Any CPU.ActiveCfg = Release|Any CPU
		{4212BBF8-4843-4894-90C5-51C0881F0019}.Release|Any CPU.Build.0 = Release|Any CPU
	EndGlobalSection
	GlobalSection(SolutionProperties) = preSolution
		HideSolutionNode = FALSE
	EndGlobalSection
	GlobalSection(ExtensibilityGlobals) = postSolution
		SolutionGuid = {DDBA8459-9ACA-4100-9126-E0D4B1C189C8}
	EndGlobalSection
EndGlobal
